// !$*UTF8*$!
{
	archiveVersion = 1;
	classes = {
	};
	objectVersion = 48;
	objects = {

/* Begin PBXBuildFile section */
		A1CFA0C92074A4F700DF279C /* AppDelegate.m in Sources */ = {isa = PBXBuildFile; fileRef = A1CFA0C82074A4F700DF279C /* AppDelegate.m */; };
		A1CFA0CC2074A4F700DF279C /* ViewController.m in Sources */ = {isa = PBXBuildFile; fileRef = A1CFA0CB2074A4F700DF279C /* ViewController.m */; };
		A1CFA0CF2074A4F700DF279C /* Main.storyboard in Resources */ = {isa = PBXBuildFile; fileRef = A1CFA0CD2074A4F700DF279C /* Main.storyboard */; };
		A1CFA0D12074A4F700DF279C /* Assets.xcassets in Resources */ = {isa = PBXBuildFile; fileRef = A1CFA0D02074A4F700DF279C /* Assets.xcassets */; };
		A1CFA0D42074A4F700DF279C /* LaunchScreen.storyboard in Resources */ = {isa = PBXBuildFile; fileRef = A1CFA0D22074A4F700DF279C /* LaunchScreen.storyboard */; };
		A1CFA0D72074A4F700DF279C /* main.m in Sources */ = {isa = PBXBuildFile; fileRef = A1CFA0D62074A4F700DF279C /* main.m */; };
		A1CFA0E12074A4F700DF279C /* IMXExtentCptTests.m in Sources */ = {isa = PBXBuildFile; fileRef = A1CFA0E02074A4F700DF279C /* IMXExtentCptTests.m */; };
		A1CFA0EC2074A4F700DF279C /* IMXExtentCptUITests.m in Sources */ = {isa = PBXBuildFile; fileRef = A1CFA0EB2074A4F700DF279C /* IMXExtentCptUITests.m */; };
		A1CFA10C2074A52D00DF279C /* EXTScope.m in Sources */ = {isa = PBXBuildFile; fileRef = A1CFA0FB2074A52D00DF279C /* EXTScope.m */; };
		A1CFA10D2074A52D00DF279C /* NSArray+IMXSafeCheck.m in Sources */ = {isa = PBXBuildFile; fileRef = A1CFA0FF2074A52D00DF279C /* NSArray+IMXSafeCheck.m */; };
		A1CFA10E2074A52D00DF279C /* NSAttributedString+IMXHighlightKit.m in Sources */ = {isa = PBXBuildFile; fileRef = A1CFA1012074A52D00DF279C /* NSAttributedString+IMXHighlightKit.m */; };
		A1CFA10F2074A52D00DF279C /* NSDate+Extension.m in Sources */ = {isa = PBXBuildFile; fileRef = A1CFA1032074A52D00DF279C /* NSDate+Extension.m */; };
		A1CFA1102074A52D00DF279C /* NSDictionary+IMXSafeCheck.m in Sources */ = {isa = PBXBuildFile; fileRef = A1CFA1052074A52D00DF279C /* NSDictionary+IMXSafeCheck.m */; };
		A1CFA1112074A52D00DF279C /* NSObject+IMXExtFork.m in Sources */ = {isa = PBXBuildFile; fileRef = A1CFA1072074A52D00DF279C /* NSObject+IMXExtFork.m */; };
		A1CFA1122074A52D00DF279C /* NSString+IMXFormatCheck.m in Sources */ = {isa = PBXBuildFile; fileRef = A1CFA1092074A52D00DF279C /* NSString+IMXFormatCheck.m */; };
		A1CFA1132074A52D00DF279C /* NSString+IMXSafeCheck.m in Sources */ = {isa = PBXBuildFile; fileRef = A1CFA10B2074A52D00DF279C /* NSString+IMXSafeCheck.m */; };
		A1CFA11C2074A54C00DF279C /* UIImage+IMXExtFork.m in Sources */ = {isa = PBXBuildFile; fileRef = A1CFA1172074A54C00DF279C /* UIImage+IMXExtFork.m */; };
		A1CFA11D2074A54C00DF279C /* UIView+IMXFrameFork.m in Sources */ = {isa = PBXBuildFile; fileRef = A1CFA1192074A54C00DF279C /* UIView+IMXFrameFork.m */; };
		A1CFA11E2074A54C00DF279C /* UIViewController+IMXExtFork.m in Sources */ = {isa = PBXBuildFile; fileRef = A1CFA11B2074A54C00DF279C /* UIViewController+IMXExtFork.m */; };
/* End PBXBuildFile section */

/* Begin PBXContainerItemProxy section */
		A1CFA0DD2074A4F700DF279C /* PBXContainerItemProxy */ = {
			isa = PBXContainerItemProxy;
			containerPortal = A1CFA0BC2074A4F600DF279C /* Project object */;
			proxyType = 1;
			remoteGlobalIDString = A1CFA0C32074A4F700DF279C;
			remoteInfo = IMXExtentCpt;
		};
		A1CFA0E82074A4F700DF279C /* PBXContainerItemProxy */ = {
			isa = PBXContainerItemProxy;
			containerPortal = A1CFA0BC2074A4F600DF279C /* Project object */;
			proxyType = 1;
			remoteGlobalIDString = A1CFA0C32074A4F700DF279C;
			remoteInfo = IMXExtentCpt;
		};
/* End PBXContainerItemProxy section */

/* Begin PBXFileReference section */
		A1CFA0C42074A4F700DF279C /* IMXExtentCpt.app */ = {isa = PBXFileReference; explicitFileType = wrapper.application; includeInIndex = 0; path = IMXExtentCpt.app; sourceTree = BUILT_PRODUCTS_DIR; };
		A1CFA0C72074A4F700DF279C /* AppDelegate.h */ = {isa = PBXFileReference; lastKnownFileType = sourcecode.c.h; path = AppDelegate.h; sourceTree = "<group>"; };
		A1CFA0C82074A4F700DF279C /* AppDelegate.m */ = {isa = PBXFileReference; lastKnownFileType = sourcecode.c.objc; path = AppDelegate.m; sourceTree = "<group>"; };
		A1CFA0CA2074A4F700DF279C /* ViewController.h */ = {isa = PBXFileReference; lastKnownFileType = sourcecode.c.h; path = ViewController.h; sourceTree = "<group>"; };
		A1CFA0CB2074A4F700DF279C /* ViewController.m */ = {isa = PBXFileReference; lastKnownFileType = sourcecode.c.objc; path = ViewController.m; sourceTree = "<group>"; };
		A1CFA0CE2074A4F700DF279C /* Base */ = {isa = PBXFileReference; lastKnownFileType = file.storyboard; name = Base; path = Base.lproj/Main.storyboard; sourceTree = "<group>"; };
		A1CFA0D02074A4F700DF279C /* Assets.xcassets */ = {isa = PBXFileReference; lastKnownFileType = folder.assetcatalog; path = Assets.xcassets; sourceTree = "<group>"; };
		A1CFA0D32074A4F700DF279C /* Base */ = {isa = PBXFileReference; lastKnownFileType = file.storyboard; name = Base; path = Base.lproj/LaunchScreen.storyboard; sourceTree = "<group>"; };
		A1CFA0D52074A4F700DF279C /* Info.plist */ = {isa = PBXFileReference; lastKnownFileType = text.plist.xml; path = Info.plist; sourceTree = "<group>"; };
		A1CFA0D62074A4F700DF279C /* main.m */ = {isa = PBXFileReference; lastKnownFileType = sourcecode.c.objc; path = main.m; sourceTree = "<group>"; };
		A1CFA0DC2074A4F700DF279C /* IMXExtentCptTests.xctest */ = {isa = PBXFileReference; explicitFileType = wrapper.cfbundle; includeInIndex = 0; path = IMXExtentCptTests.xctest; sourceTree = BUILT_PRODUCTS_DIR; };
		A1CFA0E02074A4F700DF279C /* IMXExtentCptTests.m */ = {isa = PBXFileReference; lastKnownFileType = sourcecode.c.objc; path = IMXExtentCptTests.m; sourceTree = "<group>"; };
		A1CFA0E22074A4F700DF279C /* Info.plist */ = {isa = PBXFileReference; lastKnownFileType = text.plist.xml; path = Info.plist; sourceTree = "<group>"; };
		A1CFA0E72074A4F700DF279C /* IMXExtentCptUITests.xctest */ = {isa = PBXFileReference; explicitFileType = wrapper.cfbundle; includeInIndex = 0; path = IMXExtentCptUITests.xctest; sourceTree = BUILT_PRODUCTS_DIR; };
		A1CFA0EB2074A4F700DF279C /* IMXExtentCptUITests.m */ = {isa = PBXFileReference; lastKnownFileType = sourcecode.c.objc; path = IMXExtentCptUITests.m; sourceTree = "<group>"; };
		A1CFA0ED2074A4F700DF279C /* Info.plist */ = {isa = PBXFileReference; lastKnownFileType = text.plist.xml; path = Info.plist; sourceTree = "<group>"; };
		A1CFA0FA2074A52D00DF279C /* EXTScope.h */ = {isa = PBXFileReference; fileEncoding = 4; lastKnownFileType = sourcecode.c.h; path = EXTScope.h; sourceTree = "<group>"; };
		A1CFA0FB2074A52D00DF279C /* EXTScope.m */ = {isa = PBXFileReference; fileEncoding = 4; lastKnownFileType = sourcecode.c.objc; path = EXTScope.m; sourceTree = "<group>"; };
		A1CFA0FC2074A52D00DF279C /* IMXObjectExtUtil.h */ = {isa = PBXFileReference; fileEncoding = 4; lastKnownFileType = sourcecode.c.h; path = IMXObjectExtUtil.h; sourceTree = "<group>"; };
		A1CFA0FD2074A52D00DF279C /* metamacros.h */ = {isa = PBXFileReference; fileEncoding = 4; lastKnownFileType = sourcecode.c.h; path = metamacros.h; sourceTree = "<group>"; };
		A1CFA0FE2074A52D00DF279C /* NSArray+IMXSafeCheck.h */ = {isa = PBXFileReference; fileEncoding = 4; lastKnownFileType = sourcecode.c.h; path = "NSArray+IMXSafeCheck.h"; sourceTree = "<group>"; };
		A1CFA0FF2074A52D00DF279C /* NSArray+IMXSafeCheck.m */ = {isa = PBXFileReference; fileEncoding = 4; lastKnownFileType = sourcecode.c.objc; path = "NSArray+IMXSafeCheck.m"; sourceTree = "<group>"; };
		A1CFA1002074A52D00DF279C /* NSAttributedString+IMXHighlightKit.h */ = {isa = PBXFileReference; fileEncoding = 4; lastKnownFileType = sourcecode.c.h; path = "NSAttributedString+IMXHighlightKit.h"; sourceTree = "<group>"; };
		A1CFA1012074A52D00DF279C /* NSAttributedString+IMXHighlightKit.m */ = {isa = PBXFileReference; fileEncoding = 4; lastKnownFileType = sourcecode.c.objc; path = "NSAttributedString+IMXHighlightKit.m"; sourceTree = "<group>"; };
		A1CFA1022074A52D00DF279C /* NSDate+Extension.h */ = {isa = PBXFileReference; fileEncoding = 4; lastKnownFileType = sourcecode.c.h; path = "NSDate+Extension.h"; sourceTree = "<group>"; };
		A1CFA1032074A52D00DF279C /* NSDate+Extension.m */ = {isa = PBXFileReference; fileEncoding = 4; lastKnownFileType = sourcecode.c.objc; path = "NSDate+Extension.m"; sourceTree = "<group>"; };
		A1CFA1042074A52D00DF279C /* NSDictionary+IMXSafeCheck.h */ = {isa = PBXFileReference; fileEncoding = 4; lastKnownFileType = sourcecode.c.h; path = "NSDictionary+IMXSafeCheck.h"; sourceTree = "<group>"; };
		A1CFA1052074A52D00DF279C /* NSDictionary+IMXSafeCheck.m */ = {isa = PBXFileReference; fileEncoding = 4; lastKnownFileType = sourcecode.c.objc; path = "NSDictionary+IMXSafeCheck.m"; sourceTree = "<group>"; };
		A1CFA1062074A52D00DF279C /* NSObject+IMXExtFork.h */ = {isa = PBXFileReference; fileEncoding = 4; lastKnownFileType = sourcecode.c.h; path = "NSObject+IMXExtFork.h"; sourceTree = "<group>"; };
		A1CFA1072074A52D00DF279C /* NSObject+IMXExtFork.m */ = {isa = PBXFileReference; fileEncoding = 4; lastKnownFileType = sourcecode.c.objc; path = "NSObject+IMXExtFork.m"; sourceTree = "<group>"; };
		A1CFA1082074A52D00DF279C /* NSString+IMXFormatCheck.h */ = {isa = PBXFileReference; fileEncoding = 4; lastKnownFileType = sourcecode.c.h; path = "NSString+IMXFormatCheck.h"; sourceTree = "<group>"; };
		A1CFA1092074A52D00DF279C /* NSString+IMXFormatCheck.m */ = {isa = PBXFileReference; fileEncoding = 4; lastKnownFileType = sourcecode.c.objc; path = "NSString+IMXFormatCheck.m"; sourceTree = "<group>"; };
		A1CFA10A2074A52D00DF279C /* NSString+IMXSafeCheck.h */ = {isa = PBXFileReference; fileEncoding = 4; lastKnownFileType = sourcecode.c.h; path = "NSString+IMXSafeCheck.h"; sourceTree = "<group>"; };
		A1CFA10B2074A52D00DF279C /* NSString+IMXSafeCheck.m */ = {isa = PBXFileReference; fileEncoding = 4; lastKnownFileType = sourcecode.c.objc; path = "NSString+IMXSafeCheck.m"; sourceTree = "<group>"; };
		A1CFA1152074A54C00DF279C /* IMXUIKitExtUtil.h */ = {isa = PBXFileReference; fileEncoding = 4; lastKnownFileType = sourcecode.c.h; path = IMXUIKitExtUtil.h; sourceTree = "<group>"; };
		A1CFA1162074A54C00DF279C /* UIImage+IMXExtFork.h */ = {isa = PBXFileReference; fileEncoding = 4; lastKnownFileType = sourcecode.c.h; path = "UIImage+IMXExtFork.h"; sourceTree = "<group>"; };
		A1CFA1172074A54C00DF279C /* UIImage+IMXExtFork.m */ = {isa = PBXFileReference; fileEncoding = 4; lastKnownFileType = sourcecode.c.objc; path = "UIImage+IMXExtFork.m"; sourceTree = "<group>"; };
		A1CFA1182074A54C00DF279C /* UIView+IMXFrameFork.h */ = {isa = PBXFileReference; fileEncoding = 4; lastKnownFileType = sourcecode.c.h; path = "UIView+IMXFrameFork.h"; sourceTree = "<group>"; };
		A1CFA1192074A54C00DF279C /* UIView+IMXFrameFork.m */ = {isa = PBXFileReference; fileEncoding = 4; lastKnownFileType = sourcecode.c.objc; path = "UIView+IMXFrameFork.m"; sourceTree = "<group>"; };
		A1CFA11A2074A54C00DF279C /* UIViewController+IMXExtFork.h */ = {isa = PBXFileReference; fileEncoding = 4; lastKnownFileType = sourcecode.c.h; path = "UIViewController+IMXExtFork.h"; sourceTree = "<group>"; };
		A1CFA11B2074A54C00DF279C /* UIViewController+IMXExtFork.m */ = {isa = PBXFileReference; fileEncoding = 4; lastKnownFileType = sourcecode.c.objc; path = "UIViewController+IMXExtFork.m"; sourceTree = "<group>"; };
/* End PBXFileReference section */

/* Begin PBXFrameworksBuildPhase section */
		A1CFA0C12074A4F700DF279C /* Frameworks */ = {
			isa = PBXFrameworksBuildPhase;
			buildActionMask = 2147483647;
			files = (
			);
			runOnlyForDeploymentPostprocessing = 0;
		};
		A1CFA0D92074A4F700DF279C /* Frameworks */ = {
			isa = PBXFrameworksBuildPhase;
			buildActionMask = 2147483647;
			files = (
			);
			runOnlyForDeploymentPostprocessing = 0;
		};
		A1CFA0E42074A4F700DF279C /* Frameworks */ = {
			isa = PBXFrameworksBuildPhase;
			buildActionMask = 2147483647;
			files = (
			);
			runOnlyForDeploymentPostprocessing = 0;
		};
/* End PBXFrameworksBuildPhase section */

/* Begin PBXGroup section */
		A1CFA0BB2074A4F500DF279C = {
			isa = PBXGroup;
			children = (
				A1CFA0C62074A4F700DF279C /* IMXExtentCpt */,
				A1CFA0DF2074A4F700DF279C /* IMXExtentCptTests */,
				A1CFA0EA2074A4F700DF279C /* IMXExtentCptUITests */,
				A1CFA0C52074A4F700DF279C /* Products */,
			);
			sourceTree = "<group>";
		};
		A1CFA0C52074A4F700DF279C /* Products */ = {
			isa = PBXGroup;
			children = (
				A1CFA0C42074A4F700DF279C /* IMXExtentCpt.app */,
				A1CFA0DC2074A4F700DF279C /* IMXExtentCptTests.xctest */,
				A1CFA0E72074A4F700DF279C /* IMXExtentCptUITests.xctest */,
			);
			name = Products;
			sourceTree = "<group>";
		};
		A1CFA0C62074A4F700DF279C /* IMXExtentCpt */ = {
			isa = PBXGroup;
			children = (
				A1CFA1142074A54C00DF279C /* IMXUIKitExt */,
				A1CFA0F92074A52D00DF279C /* IMXObjectExt */,
				A1CFA0C72074A4F700DF279C /* AppDelegate.h */,
				A1CFA0C82074A4F700DF279C /* AppDelegate.m */,
				A1CFA0CA2074A4F700DF279C /* ViewController.h */,
				A1CFA0CB2074A4F700DF279C /* ViewController.m */,
				A1CFA0CD2074A4F700DF279C /* Main.storyboard */,
				A1CFA0D02074A4F700DF279C /* Assets.xcassets */,
				A1CFA0D22074A4F700DF279C /* LaunchScreen.storyboard */,
				A1CFA0D52074A4F700DF279C /* Info.plist */,
				A1CFA0D62074A4F700DF279C /* main.m */,
			);
			path = IMXExtentCpt;
			sourceTree = "<group>";
		};
		A1CFA0DF2074A4F700DF279C /* IMXExtentCptTests */ = {
			isa = PBXGroup;
			children = (
				A1CFA0E02074A4F700DF279C /* IMXExtentCptTests.m */,
				A1CFA0E22074A4F700DF279C /* Info.plist */,
			);
			path = IMXExtentCptTests;
			sourceTree = "<group>";
		};
		A1CFA0EA2074A4F700DF279C /* IMXExtentCptUITests */ = {
			isa = PBXGroup;
			children = (
				A1CFA0EB2074A4F700DF279C /* IMXExtentCptUITests.m */,
				A1CFA0ED2074A4F700DF279C /* Info.plist */,
			);
			path = IMXExtentCptUITests;
			sourceTree = "<group>";
		};
		A1CFA0F92074A52D00DF279C /* IMXObjectExt */ = {
			isa = PBXGroup;
			children = (
				A1CFA0FA2074A52D00DF279C /* EXTScope.h */,
				A1CFA0FB2074A52D00DF279C /* EXTScope.m */,
				A1CFA0FC2074A52D00DF279C /* IMXObjectExtUtil.h */,
				A1CFA0FD2074A52D00DF279C /* metamacros.h */,
				A1CFA0FE2074A52D00DF279C /* NSArray+IMXSafeCheck.h */,
				A1CFA0FF2074A52D00DF279C /* NSArray+IMXSafeCheck.m */,
				A1CFA1002074A52D00DF279C /* NSAttributedString+IMXHighlightKit.h */,
				A1CFA1012074A52D00DF279C /* NSAttributedString+IMXHighlightKit.m */,
				A1CFA1022074A52D00DF279C /* NSDate+Extension.h */,
				A1CFA1032074A52D00DF279C /* NSDate+Extension.m */,
				A1CFA1042074A52D00DF279C /* NSDictionary+IMXSafeCheck.h */,
				A1CFA1052074A52D00DF279C /* NSDictionary+IMXSafeCheck.m */,
				A1CFA1062074A52D00DF279C /* NSObject+IMXExtFork.h */,
				A1CFA1072074A52D00DF279C /* NSObject+IMXExtFork.m */,
				A1CFA1082074A52D00DF279C /* NSString+IMXFormatCheck.h */,
				A1CFA1092074A52D00DF279C /* NSString+IMXFormatCheck.m */,
				A1CFA10A2074A52D00DF279C /* NSString+IMXSafeCheck.h */,
				A1CFA10B2074A52D00DF279C /* NSString+IMXSafeCheck.m */,
			);
			path = IMXObjectExt;
			sourceTree = "<group>";
		};
		A1CFA1142074A54C00DF279C /* IMXUIKitExt */ = {
			isa = PBXGroup;
			children = (
				A1CFA1152074A54C00DF279C /* IMXUIKitExtUtil.h */,
				A1CFA1162074A54C00DF279C /* UIImage+IMXExtFork.h */,
				A1CFA1172074A54C00DF279C /* UIImage+IMXExtFork.m */,
				A1CFA1182074A54C00DF279C /* UIView+IMXFrameFork.h */,
				A1CFA1192074A54C00DF279C /* UIView+IMXFrameFork.m */,
				A1CFA11A2074A54C00DF279C /* UIViewController+IMXExtFork.h */,
				A1CFA11B2074A54C00DF279C /* UIViewController+IMXExtFork.m */,
			);
			path = IMXUIKitExt;
			sourceTree = "<group>";
		};
/* End PBXGroup section */

/* Begin PBXNativeTarget section */
		A1CFA0C32074A4F700DF279C /* IMXExtentCpt */ = {
			isa = PBXNativeTarget;
			buildConfigurationList = A1CFA0F02074A4F700DF279C /* Build configuration list for PBXNativeTarget "IMXExtentCpt" */;
			buildPhases = (
				A1CFA0C02074A4F700DF279C /* Sources */,
				A1CFA0C12074A4F700DF279C /* Frameworks */,
				A1CFA0C22074A4F700DF279C /* Resources */,
			);
			buildRules = (
			);
			dependencies = (
			);
			name = IMXExtentCpt;
			productName = IMXExtentCpt;
			productReference = A1CFA0C42074A4F700DF279C /* IMXExtentCpt.app */;
			productType = "com.apple.product-type.application";
		};
		A1CFA0DB2074A4F700DF279C /* IMXExtentCptTests */ = {
			isa = PBXNativeTarget;
			buildConfigurationList = A1CFA0F32074A4F700DF279C /* Build configuration list for PBXNativeTarget "IMXExtentCptTests" */;
			buildPhases = (
				A1CFA0D82074A4F700DF279C /* Sources */,
				A1CFA0D92074A4F700DF279C /* Frameworks */,
				A1CFA0DA2074A4F700DF279C /* Resources */,
			);
			buildRules = (
			);
			dependencies = (
				A1CFA0DE2074A4F700DF279C /* PBXTargetDependency */,
			);
			name = IMXExtentCptTests;
			productName = IMXExtentCptTests;
			productReference = A1CFA0DC2074A4F700DF279C /* IMXExtentCptTests.xctest */;
			productType = "com.apple.product-type.bundle.unit-test";
		};
		A1CFA0E62074A4F700DF279C /* IMXExtentCptUITests */ = {
			isa = PBXNativeTarget;
			buildConfigurationList = A1CFA0F62074A4F700DF279C /* Build configuration list for PBXNativeTarget "IMXExtentCptUITests" */;
			buildPhases = (
				A1CFA0E32074A4F700DF279C /* Sources */,
				A1CFA0E42074A4F700DF279C /* Frameworks */,
				A1CFA0E52074A4F700DF279C /* Resources */,
			);
			buildRules = (
			);
			dependencies = (
				A1CFA0E92074A4F700DF279C /* PBXTargetDependency */,
			);
			name = IMXExtentCptUITests;
			productName = IMXExtentCptUITests;
			productReference = A1CFA0E72074A4F700DF279C /* IMXExtentCptUITests.xctest */;
			productType = "com.apple.product-type.bundle.ui-testing";
		};
/* End PBXNativeTarget section */

/* Begin PBXProject section */
		A1CFA0BC2074A4F600DF279C /* Project object */ = {
			isa = PBXProject;
			attributes = {
				LastUpgradeCheck = 0920;
				ORGANIZATIONNAME = panzhow;
				TargetAttributes = {
					A1CFA0C32074A4F700DF279C = {
						CreatedOnToolsVersion = 9.2;
						ProvisioningStyle = Automatic;
					};
					A1CFA0DB2074A4F700DF279C = {
						CreatedOnToolsVersion = 9.2;
						ProvisioningStyle = Automatic;
						TestTargetID = A1CFA0C32074A4F700DF279C;
					};
					A1CFA0E62074A4F700DF279C = {
						CreatedOnToolsVersion = 9.2;
						ProvisioningStyle = Automatic;
						TestTargetID = A1CFA0C32074A4F700DF279C;
					};
				};
			};
			buildConfigurationList = A1CFA0BF2074A4F600DF279C /* Build configuration list for PBXProject "IMXExtentCpt" */;
			compatibilityVersion = "Xcode 8.0";
			developmentRegion = en;
			hasScannedForEncodings = 0;
			knownRegions = (
				en,
				Base,
			);
			mainGroup = A1CFA0BB2074A4F500DF279C;
			productRefGroup = A1CFA0C52074A4F700DF279C /* Products */;
			projectDirPath = "";
			projectRoot = "";
			targets = (
				A1CFA0C32074A4F700DF279C /* IMXExtentCpt */,
				A1CFA0DB2074A4F700DF279C /* IMXExtentCptTests */,
				A1CFA0E62074A4F700DF279C /* IMXExtentCptUITests */,
			);
		};
/* End PBXProject section */

/* Begin PBXResourcesBuildPhase section */
		A1CFA0C22074A4F700DF279C /* Resources */ = {
			isa = PBXResourcesBuildPhase;
			buildActionMask = 2147483647;
			files = (
				A1CFA0D42074A4F700DF279C /* LaunchScreen.storyboard in Resources */,
				A1CFA0D12074A4F700DF279C /* Assets.xcassets in Resources */,
				A1CFA0CF2074A4F700DF279C /* Main.storyboard in Resources */,
			);
			runOnlyForDeploymentPostprocessing = 0;
		};
		A1CFA0DA2074A4F700DF279C /* Resources */ = {
			isa = PBXResourcesBuildPhase;
			buildActionMask = 2147483647;
			files = (
			);
			runOnlyForDeploymentPostprocessing = 0;
		};
		A1CFA0E52074A4F700DF279C /* Resources */ = {
			isa = PBXResourcesBuildPhase;
			buildActionMask = 2147483647;
			files = (
			);
			runOnlyForDeploymentPostprocessing = 0;
		};
/* End PBXResourcesBuildPhase section */

/* Begin PBXSourcesBuildPhase section */
		A1CFA0C02074A4F700DF279C /* Sources */ = {
			isa = PBXSourcesBuildPhase;
			buildActionMask = 2147483647;
			files = (
				A1CFA10F2074A52D00DF279C /* NSDate+Extension.m in Sources */,
				A1CFA10C2074A52D00DF279C /* EXTScope.m in Sources */,
				A1CFA1122074A52D00DF279C /* NSString+IMXFormatCheck.m in Sources */,
				A1CFA0CC2074A4F700DF279C /* ViewController.m in Sources */,
				A1CFA1102074A52D00DF279C /* NSDictionary+IMXSafeCheck.m in Sources */,
				A1CFA10E2074A52D00DF279C /* NSAttributedString+IMXHighlightKit.m in Sources */,
				A1CFA1112074A52D00DF279C /* NSObject+IMXExtFork.m in Sources */,
				A1CFA11E2074A54C00DF279C /* UIViewController+IMXExtFork.m in Sources */,
				A1CFA0D72074A4F700DF279C /* main.m in Sources */,
				A1CFA11C2074A54C00DF279C /* UIImage+IMXExtFork.m in Sources */,
				A1CFA1132074A52D00DF279C /* NSString+IMXSafeCheck.m in Sources */,
				A1CFA0C92074A4F700DF279C /* AppDelegate.m in Sources */,
				A1CFA11D2074A54C00DF279C /* UIView+IMXFrameFork.m in Sources */,
				A1CFA10D2074A52D00DF279C /* NSArray+IMXSafeCheck.m in Sources */,
			);
			runOnlyForDeploymentPostprocessing = 0;
		};
		A1CFA0D82074A4F700DF279C /* Sources */ = {
			isa = PBXSourcesBuildPhase;
			buildActionMask = 2147483647;
			files = (
				A1CFA0E12074A4F700DF279C /* IMXExtentCptTests.m in Sources */,
			);
			runOnlyForDeploymentPostprocessing = 0;
		};
		A1CFA0E32074A4F700DF279C /* Sources */ = {
			isa = PBXSourcesBuildPhase;
			buildActionMask = 2147483647;
			files = (
				A1CFA0EC2074A4F700DF279C /* IMXExtentCptUITests.m in Sources */,
			);
			runOnlyForDeploymentPostprocessing = 0;
		};
/* End PBXSourcesBuildPhase section */

/* Begin PBXTargetDependency section */
		A1CFA0DE2074A4F700DF279C /* PBXTargetDependency */ = {
			isa = PBXTargetDependency;
			target = A1CFA0C32074A4F700DF279C /* IMXExtentCpt */;
			targetProxy = A1CFA0DD2074A4F700DF279C /* PBXContainerItemProxy */;
		};
		A1CFA0E92074A4F700DF279C /* PBXTargetDependency */ = {
			isa = PBXTargetDependency;
			target = A1CFA0C32074A4F700DF279C /* IMXExtentCpt */;
			targetProxy = A1CFA0E82074A4F700DF279C /* PBXContainerItemProxy */;
		};
/* End PBXTargetDependency section */

/* Begin PBXVariantGroup section */
		A1CFA0CD2074A4F700DF279C /* Main.storyboard */ = {
			isa = PBXVariantGroup;
			children = (
				A1CFA0CE2074A4F700DF279C /* Base */,
			);
			name = Main.storyboard;
			sourceTree = "<group>";
		};
		A1CFA0D22074A4F700DF279C /* LaunchScreen.storyboard */ = {
			isa = PBXVariantGroup;
			children = (
				A1CFA0D32074A4F700DF279C /* Base */,
			);
			name = LaunchScreen.storyboard;
			sourceTree = "<group>";
		};
/* End PBXVariantGroup section */

/* Begin XCBuildConfiguration section */
		A1CFA0EE2074A4F700DF279C /* Debug */ = {
			isa = XCBuildConfiguration;
			buildSettings = {
				ALWAYS_SEARCH_USER_PATHS = NO;
				CLANG_ANALYZER_NONNULL = YES;
				CLANG_ANALYZER_NUMBER_OBJECT_CONVERSION = YES_AGGRESSIVE;
				CLANG_CXX_LANGUAGE_STANDARD = "gnu++14";
				CLANG_CXX_LIBRARY = "libc++";
				CLANG_ENABLE_MODULES = YES;
				CLANG_ENABLE_OBJC_ARC = YES;
				CLANG_WARN_BLOCK_CAPTURE_AUTORELEASING = YES;
				CLANG_WARN_BOOL_CONVERSION = YES;
				CLANG_WARN_COMMA = YES;
				CLANG_WARN_CONSTANT_CONVERSION = YES;
				CLANG_WARN_DIRECT_OBJC_ISA_USAGE = YES_ERROR;
				CLANG_WARN_DOCUMENTATION_COMMENTS = YES;
				CLANG_WARN_EMPTY_BODY = YES;
				CLANG_WARN_ENUM_CONVERSION = YES;
				CLANG_WARN_INFINITE_RECURSION = YES;
				CLANG_WARN_INT_CONVERSION = YES;
				CLANG_WARN_NON_LITERAL_NULL_CONVERSION = YES;
				CLANG_WARN_OBJC_LITERAL_CONVERSION = YES;
				CLANG_WARN_OBJC_ROOT_CLASS = YES_ERROR;
				CLANG_WARN_RANGE_LOOP_ANALYSIS = YES;
				CLANG_WARN_STRICT_PROTOTYPES = YES;
				CLANG_WARN_SUSPICIOUS_MOVE = YES;
				CLANG_WARN_UNGUARDED_AVAILABILITY = YES_AGGRESSIVE;
				CLANG_WARN_UNREACHABLE_CODE = YES;
				CLANG_WARN__DUPLICATE_METHOD_MATCH = YES;
				CODE_SIGN_IDENTITY = "iPhone Developer";
				COPY_PHASE_STRIP = NO;
				DEBUG_INFORMATION_FORMAT = dwarf;
				ENABLE_STRICT_OBJC_MSGSEND = YES;
				ENABLE_TESTABILITY = YES;
				GCC_C_LANGUAGE_STANDARD = gnu11;
				GCC_DYNAMIC_NO_PIC = NO;
				GCC_NO_COMMON_BLOCKS = YES;
				GCC_OPTIMIZATION_LEVEL = 0;
				GCC_PREPROCESSOR_DEFINITIONS = (
					"DEBUG=1",
					"$(inherited)",
				);
				GCC_WARN_64_TO_32_BIT_CONVERSION = YES;
				GCC_WARN_ABOUT_RETURN_TYPE = YES_ERROR;
				GCC_WARN_UNDECLARED_SELECTOR = YES;
				GCC_WARN_UNINITIALIZED_AUTOS = YES_AGGRESSIVE;
				GCC_WARN_UNUSED_FUNCTION = YES;
				GCC_WARN_UNUSED_VARIABLE = YES;
				IPHONEOS_DEPLOYMENT_TARGET = 11.2;
				MTL_ENABLE_DEBUG_INFO = YES;
				ONLY_ACTIVE_ARCH = YES;
				SDKROOT = iphoneos;
			};
			name = Debug;
		};
		A1CFA0EF2074A4F700DF279C /* Release */ = {
			isa = XCBuildConfiguration;
			buildSettings = {
				ALWAYS_SEARCH_USER_PATHS = NO;
				CLANG_ANALYZER_NONNULL = YES;
				CLANG_ANALYZER_NUMBER_OBJECT_CONVERSION = YES_AGGRESSIVE;
				CLANG_CXX_LANGUAGE_STANDARD = "gnu++14";
				CLANG_CXX_LIBRARY = "libc++";
				CLANG_ENABLE_MODULES = YES;
				CLANG_ENABLE_OBJC_ARC = YES;
				CLANG_WARN_BLOCK_CAPTURE_AUTORELEASING = YES;
				CLANG_WARN_BOOL_CONVERSION = YES;
				CLANG_WARN_COMMA = YES;
				CLANG_WARN_CONSTANT_CONVERSION = YES;
				CLANG_WARN_DIRECT_OBJC_ISA_USAGE = YES_ERROR;
				CLANG_WARN_DOCUMENTATION_COMMENTS = YES;
				CLANG_WARN_EMPTY_BODY = YES;
				CLANG_WARN_ENUM_CONVERSION = YES;
				CLANG_WARN_INFINITE_RECURSION = YES;
				CLANG_WARN_INT_CONVERSION = YES;
				CLANG_WARN_NON_LITERAL_NULL_CONVERSION = YES;
				CLANG_WARN_OBJC_LITERAL_CONVERSION = YES;
				CLANG_WARN_OBJC_ROOT_CLASS = YES_ERROR;
				CLANG_WARN_RANGE_LOOP_ANALYSIS = YES;
				CLANG_WARN_STRICT_PROTOTYPES = YES;
				CLANG_WARN_SUSPICIOUS_MOVE = YES;
				CLANG_WARN_UNGUARDED_AVAILABILITY = YES_AGGRESSIVE;
				CLANG_WARN_UNREACHABLE_CODE = YES;
				CLANG_WARN__DUPLICATE_METHOD_MATCH = YES;
				CODE_SIGN_IDENTITY = "iPhone Developer";
				COPY_PHASE_STRIP = NO;
				DEBUG_INFORMATION_FORMAT = "dwarf-with-dsym";
				ENABLE_NS_ASSERTIONS = NO;
				ENABLE_STRICT_OBJC_MSGSEND = YES;
				GCC_C_LANGUAGE_STANDARD = gnu11;
				GCC_NO_COMMON_BLOCKS = YES;
				GCC_WARN_64_TO_32_BIT_CONVERSION = YES;
				GCC_WARN_ABOUT_RETURN_TYPE = YES_ERROR;
				GCC_WARN_UNDECLARED_SELECTOR = YES;
				GCC_WARN_UNINITIALIZED_AUTOS = YES_AGGRESSIVE;
				GCC_WARN_UNUSED_FUNCTION = YES;
				GCC_WARN_UNUSED_VARIABLE = YES;
				IPHONEOS_DEPLOYMENT_TARGET = 11.2;
				MTL_ENABLE_DEBUG_INFO = NO;
				SDKROOT = iphoneos;
				VALIDATE_PRODUCT = YES;
			};
			name = Release;
		};
		A1CFA0F12074A4F700DF279C /* Debug */ = {
			isa = XCBuildConfiguration;
			buildSettings = {
				ASSETCATALOG_COMPILER_APPICON_NAME = AppIcon;
				CODE_SIGN_STYLE = Automatic;
				INFOPLIST_FILE = IMXExtentCpt/Info.plist;
				LD_RUNPATH_SEARCH_PATHS = "$(inherited) @executable_path/Frameworks";
				PRODUCT_BUNDLE_IDENTIFIER = "com.--.--.IMXExtentCpt";
				PRODUCT_NAME = "$(TARGET_NAME)";
				TARGETED_DEVICE_FAMILY = "1,2";
			};
			name = Debug;
		};
		A1CFA0F22074A4F700DF279C /* Release */ = {
			isa = XCBuildConfiguration;
			buildSettings = {
				ASSETCATALOG_COMPILER_APPICON_NAME = AppIcon;
				CODE_SIGN_STYLE = Automatic;
				INFOPLIST_FILE = IMXExtentCpt/Info.plist;
				LD_RUNPATH_SEARCH_PATHS = "$(inherited) @executable_path/Frameworks";
				PRODUCT_BUNDLE_IDENTIFIER = "com.--.--.IMXExtentCpt";
				PRODUCT_NAME = "$(TARGET_NAME)";
				TARGETED_DEVICE_FAMILY = "1,2";
			};
			name = Release;
		};
		A1CFA0F42074A4F700DF279C /* Debug */ = {
			isa = XCBuildConfiguration;
			buildSettings = {
				BUNDLE_LOADER = "$(TEST_HOST)";
				CODE_SIGN_STYLE = Automatic;
				INFOPLIST_FILE = IMXExtentCptTests/Info.plist;
				LD_RUNPATH_SEARCH_PATHS = "$(inherited) @executable_path/Frameworks @loader_path/Frameworks";
				PRODUCT_BUNDLE_IDENTIFIER = "com.--.--.IMXExtentCptTests";
				PRODUCT_NAME = "$(TARGET_NAME)";
				TARGETED_DEVICE_FAMILY = "1,2";
				TEST_HOST = "$(BUILT_PRODUCTS_DIR)/IMXExtentCpt.app/IMXExtentCpt";
			};
			name = Debug;
		};
		A1CFA0F52074A4F700DF279C /* Release */ = {
			isa = XCBuildConfiguration;
			buildSettings = {
				BUNDLE_LOADER = "$(TEST_HOST)";
				CODE_SIGN_STYLE = Automatic;
				INFOPLIST_FILE = IMXExtentCptTests/Info.plist;
				LD_RUNPATH_SEARCH_PATHS = "$(inherited) @executable_path/Frameworks @loader_path/Frameworks";
				PRODUCT_BUNDLE_IDENTIFIER = "com.--.--.IMXExtentCptTests";
				PRODUCT_NAME = "$(TARGET_NAME)";
				TARGETED_DEVICE_FAMILY = "1,2";
				TEST_HOST = "$(BUILT_PRODUCTS_DIR)/IMXExtentCpt.app/IMXExtentCpt";
			};
			name = Release;
		};
		A1CFA0F72074A4F700DF279C /* Debug */ = {
			isa = XCBuildConfiguration;
			buildSettings = {
				CODE_SIGN_STYLE = Automatic;
				INFOPLIST_FILE = IMXExtentCptUITests/Info.plist;
				LD_RUNPATH_SEARCH_PATHS = "$(inherited) @executable_path/Frameworks @loader_path/Frameworks";
				PRODUCT_BUNDLE_IDENTIFIER = "com.--.--.IMXExtentCptUITests";
				PRODUCT_NAME = "$(TARGET_NAME)";
				TARGETED_DEVICE_FAMILY = "1,2";
				TEST_TARGET_NAME = IMXExtentCpt;
			};
			name = Debug;
		};
		A1CFA0F82074A4F700DF279C /* Release */ = {
			isa = XCBuildConfiguration;
			buildSettings = {
				CODE_SIGN_STYLE = Automatic;
				INFOPLIST_FILE = IMXExtentCptUITests/Info.plist;
				LD_RUNPATH_SEARCH_PATHS = "$(inherited) @executable_path/Frameworks @loader_path/Frameworks";
				PRODUCT_BUNDLE_IDENTIFIER = "com.--.--.IMXExtentCptUITests";
				PRODUCT_NAME = "$(TARGET_NAME)";
				TARGETED_DEVICE_FAMILY = "1,2";
				TEST_TARGET_NAME = IMXExtentCpt;
			};
			name = Release;
		};
/* End XCBuildConfiguration section */

/* Begin XCConfigurationList section */
		A1CFA0BF2074A4F600DF279C /* Build configuration list for PBXProject "IMXExtentCpt" */ = {
			isa = XCConfigurationList;
			buildConfigurations = (
				A1CFA0EE2074A4F700DF279C /* Debug */,
				A1CFA0EF2074A4F700DF279C /* Release */,
			);
			defaultConfigurationIsVisible = 0;
			defaultConfigurationName = Release;
		};
		A1CFA0F02074A4F700DF279C /* Build configuration list for PBXNativeTarget "IMXExtentCpt" */ = {
			isa = XCConfigurationList;
			buildConfigurations = (
				A1CFA0F12074A4F700DF279C /* Debug */,
				A1CFA0F22074A4F700DF279C /* Release */,
			);
			defaultConfigurationIsVisible = 0;
			defaultConfigurationName = Release;
		};
		A1CFA0F32074A4F700DF279C /* Build configuration list for PBXNativeTarget "IMXExtentCptTests" */ = {
			isa = XCConfigurationList;
			buildConfigurations = (
				A1CFA0F42074A4F700DF279C /* Debug */,
				A1CFA0F52074A4F700DF279C /* Release */,
			);
			defaultConfigurationIsVisible = 0;
			defaultConfigurationName = Release;
		};
		A1CFA0F62074A4F700DF279C /* Build configuration list for PBXNativeTarget "IMXExtentCptUITests" */ = {
			isa = XCConfigurationList;
			buildConfigurations = (
				A1CFA0F72074A4F700DF279C /* Debug */,
				A1CFA0F82074A4F700DF279C /* Release */,
			);
			defaultConfigurationIsVisible = 0;
			defaultConfigurationName = Release;
		};
/* End XCConfigurationList section */
	};
	rootObject = A1CFA0BC2074A4F600DF279C /* Project object */;
}
